// !$*UTF8*$!
{
	archiveVersion = 1;
	classes = {
	};
	objectVersion = 55;
	objects = {

/* Begin PBXBuildFile section */
		B42AEC742890458400942934 /* Alert.swift in Sources */ = {isa = PBXBuildFile; fileRef = B42AEC732890458400942934 /* Alert.swift */; };
		B42AEC7628912BC500942934 /* DeleteAlert.swift in Sources */ = {isa = PBXBuildFile; fileRef = B42AEC7528912BC500942934 /* DeleteAlert.swift */; };
		B433E207288D5ACF003B0219 /* QeeplyApp.swift in Sources */ = {isa = PBXBuildFile; fileRef = B433E206288D5ACF003B0219 /* QeeplyApp.swift */; };
		B433E209288D5ACF003B0219 /* ContentView.swift in Sources */ = {isa = PBXBuildFile; fileRef = B433E208288D5ACF003B0219 /* ContentView.swift */; };
		B433E20B288D5ACF003B0219 /* Assets.xcassets in Resources */ = {isa = PBXBuildFile; fileRef = B433E20A288D5ACF003B0219 /* Assets.xcassets */; };
		B433E20E288D5ACF003B0219 /* Preview Assets.xcassets in Resources */ = {isa = PBXBuildFile; fileRef = B433E20D288D5ACF003B0219 /* Preview Assets.xcassets */; };
		B433E215288D5E37003B0219 /* AddResource.swift in Sources */ = {isa = PBXBuildFile; fileRef = B433E214288D5E37003B0219 /* AddResource.swift */; };
		B433E217288D5E70003B0219 /* Level.swift in Sources */ = {isa = PBXBuildFile; fileRef = B433E216288D5E70003B0219 /* Level.swift */; };
		B433E219288D5E8E003B0219 /* Search.swift in Sources */ = {isa = PBXBuildFile; fileRef = B433E218288D5E8E003B0219 /* Search.swift */; };
		B437254528922E7F00AFCF17 /* SplashScreen.swift in Sources */ = {isa = PBXBuildFile; fileRef = B437254428922E7F00AFCF17 /* SplashScreen.swift */; };
		B43725472892457A00AFCF17 /* CategoryModel.swift in Sources */ = {isa = PBXBuildFile; fileRef = B43725462892457A00AFCF17 /* CategoryModel.swift */; };
		B4809E24288F872C00C8A966 /* CategoryDetail.swift in Sources */ = {isa = PBXBuildFile; fileRef = B4809E23288F872C00C8A966 /* CategoryDetail.swift */; };
		B4809E26288FAFF800C8A966 /* Categories.swift in Sources */ = {isa = PBXBuildFile; fileRef = B4809E25288FAFF800C8A966 /* Categories.swift */; };
/* End PBXBuildFile section */

/* Begin PBXFileReference section */
		B42AEC732890458400942934 /* Alert.swift */ = {isa = PBXFileReference; lastKnownFileType = sourcecode.swift; path = Alert.swift; sourceTree = "<group>"; };
		B42AEC7528912BC500942934 /* DeleteAlert.swift */ = {isa = PBXFileReference; lastKnownFileType = sourcecode.swift; path = DeleteAlert.swift; sourceTree = "<group>"; };
		B433E203288D5ACF003B0219 /* Qeeply.app */ = {isa = PBXFileReference; explicitFileType = wrapper.application; includeInIndex = 0; path = Qeeply.app; sourceTree = BUILT_PRODUCTS_DIR; };
		B433E206288D5ACF003B0219 /* QeeplyApp.swift */ = {isa = PBXFileReference; lastKnownFileType = sourcecode.swift; path = QeeplyApp.swift; sourceTree = "<group>"; };
		B433E208288D5ACF003B0219 /* ContentView.swift */ = {isa = PBXFileReference; lastKnownFileType = sourcecode.swift; path = ContentView.swift; sourceTree = "<group>"; };
		B433E20A288D5ACF003B0219 /* Assets.xcassets */ = {isa = PBXFileReference; lastKnownFileType = folder.assetcatalog; path = Assets.xcassets; sourceTree = "<group>"; };
		B433E20D288D5ACF003B0219 /* Preview Assets.xcassets */ = {isa = PBXFileReference; lastKnownFileType = folder.assetcatalog; path = "Preview Assets.xcassets"; sourceTree = "<group>"; };
		B433E214288D5E37003B0219 /* AddResource.swift */ = {isa = PBXFileReference; lastKnownFileType = sourcecode.swift; path = AddResource.swift; sourceTree = "<group>"; };
		B433E216288D5E70003B0219 /* Level.swift */ = {isa = PBXFileReference; lastKnownFileType = sourcecode.swift; path = Level.swift; sourceTree = "<group>"; };
		B433E218288D5E8E003B0219 /* Search.swift */ = {isa = PBXFileReference; lastKnownFileType = sourcecode.swift; path = Search.swift; sourceTree = "<group>"; };
		B437254428922E7F00AFCF17 /* SplashScreen.swift */ = {isa = PBXFileReference; lastKnownFileType = sourcecode.swift; path = SplashScreen.swift; sourceTree = "<group>"; };
		B43725462892457A00AFCF17 /* CategoryModel.swift */ = {isa = PBXFileReference; lastKnownFileType = sourcecode.swift; path = CategoryModel.swift; sourceTree = "<group>"; };
		B4809E23288F872C00C8A966 /* CategoryDetail.swift */ = {isa = PBXFileReference; lastKnownFileType = sourcecode.swift; path = CategoryDetail.swift; sourceTree = "<group>"; };
		B4809E25288FAFF800C8A966 /* Categories.swift */ = {isa = PBXFileReference; lastKnownFileType = sourcecode.swift; path = Categories.swift; sourceTree = "<group>"; };
/* End PBXFileReference section */

/* Begin PBXFrameworksBuildPhase section */
		B433E200288D5ACE003B0219 /* Frameworks */ = {
			isa = PBXFrameworksBuildPhase;
			buildActionMask = 2147483647;
			files = (
			);
			runOnlyForDeploymentPostprocessing = 0;
		};
/* End PBXFrameworksBuildPhase section */

/* Begin PBXGroup section */
		B433E1FA288D5ACE003B0219 = {
			isa = PBXGroup;
			children = (
				B433E205288D5ACF003B0219 /* Qeeply */,
				B433E204288D5ACF003B0219 /* Products */,
			);
			sourceTree = "<group>";
		};
		B433E204288D5ACF003B0219 /* Products */ = {
			isa = PBXGroup;
			children = (
				B433E203288D5ACF003B0219 /* Qeeply.app */,
			);
			name = Products;
			sourceTree = "<group>";
		};
		B433E205288D5ACF003B0219 /* Qeeply */ = {
			isa = PBXGroup;
			children = (
				B433E206288D5ACF003B0219 /* QeeplyApp.swift */,
				B437254428922E7F00AFCF17 /* SplashScreen.swift */,
				B43725462892457A00AFCF17 /* CategoryModel.swift */,
				B42AEC732890458400942934 /* Alert.swift */,
				B42AEC7528912BC500942934 /* DeleteAlert.swift */,
				B4809E23288F872C00C8A966 /* CategoryDetail.swift */,
				B4809E25288FAFF800C8A966 /* Categories.swift */,
				B433E218288D5E8E003B0219 /* Search.swift */,
				B433E214288D5E37003B0219 /* AddResource.swift */,
				B433E216288D5E70003B0219 /* Level.swift */,
				B433E208288D5ACF003B0219 /* ContentView.swift */,
				B433E20A288D5ACF003B0219 /* Assets.xcassets */,
				B433E20C288D5ACF003B0219 /* Preview Content */,
			);
			path = Qeeply;
			sourceTree = "<group>";
		};
		B433E20C288D5ACF003B0219 /* Preview Content */ = {
			isa = PBXGroup;
			children = (
				B433E20D288D5ACF003B0219 /* Preview Assets.xcassets */,
			);
			path = "Preview Content";
			sourceTree = "<group>";
		};
/* End PBXGroup section */

/* Begin PBXNativeTarget section */
		B433E202288D5ACE003B0219 /* Qeeply */ = {
			isa = PBXNativeTarget;
			buildConfigurationList = B433E211288D5ACF003B0219 /* Build configuration list for PBXNativeTarget "Qeeply" */;
			buildPhases = (
				B433E1FF288D5ACE003B0219 /* Sources */,
				B433E200288D5ACE003B0219 /* Frameworks */,
				B433E201288D5ACE003B0219 /* Resources */,
			);
			buildRules = (
			);
			dependencies = (
			);
			name = Qeeply;
			productName = Qeeply;
			productReference = B433E203288D5ACF003B0219 /* Qeeply.app */;
			productType = "com.apple.product-type.application";
		};
/* End PBXNativeTarget section */

/* Begin PBXProject section */
		B433E1FB288D5ACE003B0219 /* Project object */ = {
			isa = PBXProject;
			attributes = {
				BuildIndependentTargetsInParallel = 1;
				LastSwiftUpdateCheck = 1340;
				LastUpgradeCheck = 1340;
				TargetAttributes = {
					B433E202288D5ACE003B0219 = {
						CreatedOnToolsVersion = 13.4.1;
					};
				};
			};
			buildConfigurationList = B433E1FE288D5ACE003B0219 /* Build configuration list for PBXProject "Qeeply" */;
			compatibilityVersion = "Xcode 13.0";
			developmentRegion = en;
			hasScannedForEncodings = 0;
			knownRegions = (
				en,
				Base,
			);
			mainGroup = B433E1FA288D5ACE003B0219;
			productRefGroup = B433E204288D5ACF003B0219 /* Products */;
			projectDirPath = "";
			projectRoot = "";
			targets = (
				B433E202288D5ACE003B0219 /* Qeeply */,
			);
		};
/* End PBXProject section */

/* Begin PBXResourcesBuildPhase section */
		B433E201288D5ACE003B0219 /* Resources */ = {
			isa = PBXResourcesBuildPhase;
			buildActionMask = 2147483647;
			files = (
				B433E20E288D5ACF003B0219 /* Preview Assets.xcassets in Resources */,
				B433E20B288D5ACF003B0219 /* Assets.xcassets in Resources */,
			);
			runOnlyForDeploymentPostprocessing = 0;
		};
/* End PBXResourcesBuildPhase section */

/* Begin PBXSourcesBuildPhase section */
		B433E1FF288D5ACE003B0219 /* Sources */ = {
			isa = PBXSourcesBuildPhase;
			buildActionMask = 2147483647;
			files = (
				B42AEC742890458400942934 /* Alert.swift in Sources */,
				B433E209288D5ACF003B0219 /* ContentView.swift in Sources */,
				B4809E26288FAFF800C8A966 /* Categories.swift in Sources */,
				B42AEC7628912BC500942934 /* DeleteAlert.swift in Sources */,
				B433E215288D5E37003B0219 /* AddResource.swift in Sources */,
				B433E219288D5E8E003B0219 /* Search.swift in Sources */,
				B437254528922E7F00AFCF17 /* SplashScreen.swift in Sources */,
				B43725472892457A00AFCF17 /* CategoryModel.swift in Sources */,
				B4809E24288F872C00C8A966 /* CategoryDetail.swift in Sources */,
				B433E217288D5E70003B0219 /* Level.swift in Sources */,
				B433E207288D5ACF003B0219 /* QeeplyApp.swift in Sources */,
			);
			runOnlyForDeploymentPostprocessing = 0;
		};
/* End PBXSourcesBuildPhase section */

/* Begin XCBuildConfiguration section */
		B433E20F288D5ACF003B0219 /* Debug */ = {
			isa = XCBuildConfiguration;
			buildSettings = {
				ALWAYS_SEARCH_USER_PATHS = NO;
				CLANG_ANALYZER_NONNULL = YES;
				CLANG_ANALYZER_NUMBER_OBJECT_CONVERSION = YES_AGGRESSIVE;
				CLANG_CXX_LANGUAGE_STANDARD = "gnu++17";
				CLANG_ENABLE_MODULES = YES;
				CLANG_ENABLE_OBJC_ARC = YES;
				CLANG_ENABLE_OBJC_WEAK = YES;
				CLANG_WARN_BLOCK_CAPTURE_AUTORELEASING = YES;
				CLANG_WARN_BOOL_CONVERSION = YES;
				CLANG_WARN_COMMA = YES;
				CLANG_WARN_CONSTANT_CONVERSION = YES;
				CLANG_WARN_DEPRECATED_OBJC_IMPLEMENTATIONS = YES;
				CLANG_WARN_DIRECT_OBJC_ISA_USAGE = YES_ERROR;
				CLANG_WARN_DOCUMENTATION_COMMENTS = YES;
				CLANG_WARN_EMPTY_BODY = YES;
				CLANG_WARN_ENUM_CONVERSION = YES;
				CLANG_WARN_INFINITE_RECURSION = YES;
				CLANG_WARN_INT_CONVERSION = YES;
				CLANG_WARN_NON_LITERAL_NULL_CONVERSION = YES;
				CLANG_WARN_OBJC_IMPLICIT_RETAIN_SELF = YES;
				CLANG_WARN_OBJC_LITERAL_CONVERSION = YES;
				CLANG_WARN_OBJC_ROOT_CLASS = YES_ERROR;
				CLANG_WARN_QUOTED_INCLUDE_IN_FRAMEWORK_HEADER = YES;
				CLANG_WARN_RANGE_LOOP_ANALYSIS = YES;
				CLANG_WARN_STRICT_PROTOTYPES = YES;
				CLANG_WARN_SUSPICIOUS_MOVE = YES;
				CLANG_WARN_UNGUARDED_AVAILABILITY = YES_AGGRESSIVE;
				CLANG_WARN_UNREACHABLE_CODE = YES;
				CLANG_WARN__DUPLICATE_METHOD_MATCH = YES;
				COPY_PHASE_STRIP = NO;
				DEBUG_INFORMATION_FORMAT = dwarf;
				ENABLE_STRICT_OBJC_MSGSEND = YES;
				ENABLE_TESTABILITY = YES;
				GCC_C_LANGUAGE_STANDARD = gnu11;
				GCC_DYNAMIC_NO_PIC = NO;
				GCC_NO_COMMON_BLOCKS = YES;
				GCC_OPTIMIZATION_LEVEL = 0;
				GCC_PREPROCESSOR_DEFINITIONS = (
					"DEBUG=1",
					"$(inherited)",
				);
				GCC_WARN_64_TO_32_BIT_CONVERSION = YES;
				GCC_WARN_ABOUT_RETURN_TYPE = YES_ERROR;
				GCC_WARN_UNDECLARED_SELECTOR = YES;
				GCC_WARN_UNINITIALIZED_AUTOS = YES_AGGRESSIVE;
				GCC_WARN_UNUSED_FUNCTION = YES;
				GCC_WARN_UNUSED_VARIABLE = YES;
				IPHONEOS_DEPLOYMENT_TARGET = 15.5;
				MTL_ENABLE_DEBUG_INFO = INCLUDE_SOURCE;
				MTL_FAST_MATH = YES;
				ONLY_ACTIVE_ARCH = YES;
				SDKROOT = iphoneos;
				SWIFT_ACTIVE_COMPILATION_CONDITIONS = DEBUG;
				SWIFT_OPTIMIZATION_LEVEL = "-Onone";
			};
			name = Debug;
		};
		B433E210288D5ACF003B0219 /* Release */ = {
			isa = XCBuildConfiguration;
			buildSettings = {
				ALWAYS_SEARCH_USER_PATHS = NO;
				CLANG_ANALYZER_NONNULL = YES;
				CLANG_ANALYZER_NUMBER_OBJECT_CONVERSION = YES_AGGRESSIVE;
				CLANG_CXX_LANGUAGE_STANDARD = "gnu++17";
				CLANG_ENABLE_MODULES = YES;
				CLANG_ENABLE_OBJC_ARC = YES;
				CLANG_ENABLE_OBJC_WEAK = YES;
				CLANG_WARN_BLOCK_CAPTURE_AUTORELEASING = YES;
				CLANG_WARN_BOOL_CONVERSION = YES;
				CLANG_WARN_COMMA = YES;
				CLANG_WARN_CONSTANT_CONVERSION = YES;
				CLANG_WARN_DEPRECATED_OBJC_IMPLEMENTATIONS = YES;
				CLANG_WARN_DIRECT_OBJC_ISA_USAGE = YES_ERROR;
				CLANG_WARN_DOCUMENTATION_COMMENTS = YES;
				CLANG_WARN_EMPTY_BODY = YES;
				CLANG_WARN_ENUM_CONVERSION = YES;
				CLANG_WARN_INFINITE_RECURSION = YES;
				CLANG_WARN_INT_CONVERSION = YES;
				CLANG_WARN_NON_LITERAL_NULL_CONVERSION = YES;
				CLANG_WARN_OBJC_IMPLICIT_RETAIN_SELF = YES;
				CLANG_WARN_OBJC_LITERAL_CONVERSION = YES;
				CLANG_WARN_OBJC_ROOT_CLASS = YES_ERROR;
				CLANG_WARN_QUOTED_INCLUDE_IN_FRAMEWORK_HEADER = YES;
				CLANG_WARN_RANGE_LOOP_ANALYSIS = YES;
				CLANG_WARN_STRICT_PROTOTYPES = YES;
				CLANG_WARN_SUSPICIOUS_MOVE = YES;
				CLANG_WARN_UNGUARDED_AVAILABILITY = YES_AGGRESSIVE;
				CLANG_WARN_UNREACHABLE_CODE = YES;
				CLANG_WARN__DUPLICATE_METHOD_MATCH = YES;
				COPY_PHASE_STRIP = NO;
				DEBUG_INFORMATION_FORMAT = "dwarf-with-dsym";
				ENABLE_NS_ASSERTIONS = NO;
				ENABLE_STRICT_OBJC_MSGSEND = YES;
				GCC_C_LANGUAGE_STANDARD = gnu11;
				GCC_NO_COMMON_BLOCKS = YES;
				GCC_WARN_64_TO_32_BIT_CONVERSION = YES;
				GCC_WARN_ABOUT_RETURN_TYPE = YES_ERROR;
				GCC_WARN_UNDECLARED_SELECTOR = YES;
				GCC_WARN_UNINITIALIZED_AUTOS = YES_AGGRESSIVE;
				GCC_WARN_UNUSED_FUNCTION = YES;
				GCC_WARN_UNUSED_VARIABLE = YES;
				IPHONEOS_DEPLOYMENT_TARGET = 15.5;
				MTL_ENABLE_DEBUG_INFO = NO;
				MTL_FAST_MATH = YES;
				SDKROOT = iphoneos;
				SWIFT_COMPILATION_MODE = wholemodule;
				SWIFT_OPTIMIZATION_LEVEL = "-O";
				VALIDATE_PRODUCT = YES;
			};
			name = Release;
		};
		B433E212288D5ACF003B0219 /* Debug */ = {
			isa = XCBuildConfiguration;
			buildSettings = {
				ASSETCATALOG_COMPILER_APPICON_NAME = AppIcon;
				ASSETCATALOG_COMPILER_GLOBAL_ACCENT_COLOR_NAME = AccentColor;
				CODE_SIGN_STYLE = Automatic;
				CURRENT_PROJECT_VERSION = 1;
				DEVELOPMENT_ASSET_PATHS = "\"Qeeply/Preview Content\"";
				DEVELOPMENT_TEAM = 8FUX38J5RX;
				ENABLE_PREVIEWS = YES;
				GENERATE_INFOPLIST_FILE = YES;
				INFOPLIST_KEY_UIApplicationSceneManifest_Generation = YES;
				INFOPLIST_KEY_UIApplicationSupportsIndirectInputEvents = YES;
				INFOPLIST_KEY_UILaunchScreen_Generation = YES;
				INFOPLIST_KEY_UISupportedInterfaceOrientations_iPad = "UIInterfaceOrientationPortrait UIInterfaceOrientationPortraitUpsideDown UIInterfaceOrientationLandscapeLeft UIInterfaceOrientationLandscapeRight";
				INFOPLIST_KEY_UISupportedInterfaceOrientations_iPhone = "UIInterfaceOrientationPortrait UIInterfaceOrientationLandscapeLeft UIInterfaceOrientationLandscapeRight";
				LD_RUNPATH_SEARCH_PATHS = (
					"$(inherited)",
					"@executable_path/Frameworks",
				);
				MARKETING_VERSION = 1.0;
				PRODUCT_BUNDLE_IDENTIFIER = df.Qeeply;
				PRODUCT_NAME = "$(TARGET_NAME)";
				SWIFT_EMIT_LOC_STRINGS = YES;
				SWIFT_VERSION = 5.0;
				TARGETED_DEVICE_FAMILY = "1,2";
			};
			name = Debug;
		};
		B433E213288D5ACF003B0219 /* Release */ = {
			isa = XCBuildConfiguration;
			buildSettings = {
				ASSETCATALOG_COMPILER_APPICON_NAME = AppIcon;
				ASSETCATALOG_COMPILER_GLOBAL_ACCENT_COLOR_NAME = AccentColor;
				CODE_SIGN_STYLE = Automatic;
				CURRENT_PROJECT_VERSION = 1;
				DEVELOPMENT_ASSET_PATHS = "\"Qeeply/Preview Content\"";
				DEVELOPMENT_TEAM = 8FUX38J5RX;
				ENABLE_PREVIEWS = YES;
				GENERATE_INFOPLIST_FILE = YES;
				INFOPLIST_KEY_UIApplicationSceneManifest_Generation = YES;
				INFOPLIST_KEY_UIApplicationSupportsIndirectInputEvents = YES;
				INFOPLIST_KEY_UILaunchScreen_Generation = YES;
				INFOPLIST_KEY_UISupportedInterfaceOrientations_iPad = "UIInterfaceOrientationPortrait UIInterfaceOrientationPortraitUpsideDown UIInterfaceOrientationLandscapeLeft UIInterfaceOrientationLandscapeRight";
				INFOPLIST_KEY_UISupportedInterfaceOrientations_iPhone = "UIInterfaceOrientationPortrait UIInterfaceOrientationLandscapeLeft UIInterfaceOrientationLandscapeRight";
				LD_RUNPATH_SEARCH_PATHS = (
					"$(inherited)",
					"@executable_path/Frameworks",
				);
				MARKETING_VERSION = 1.0;
				PRODUCT_BUNDLE_IDENTIFIER = df.Qeeply;
				PRODUCT_NAME = "$(TARGET_NAME)";
				SWIFT_EMIT_LOC_STRINGS = YES;
				SWIFT_VERSION = 5.0;
				TARGETED_DEVICE_FAMILY = "1,2";
			};
			name = Release;
		};
/* End XCBuildConfiguration section */

/* Begin XCConfigurationList section */
		B433E1FE288D5ACE003B0219 /* Build configuration list for PBXProject "Qeeply" */ = {
			isa = XCConfigurationList;
			buildConfigurations = (
				B433E20F288D5ACF003B0219 /* Debug */,
				B433E210288D5ACF003B0219 /* Release */,
			);
			defaultConfigurationIsVisible = 0;
			defaultConfigurationName = Release;
		};
		B433E211288D5ACF003B0219 /* Build configuration list for PBXNativeTarget "Qeeply" */ = {
			isa = XCConfigurationList;
			buildConfigurations = (
				B433E212288D5ACF003B0219 /* Debug */,
				B433E213288D5ACF003B0219 /* Release */,
			);
			defaultConfigurationIsVisible = 0;
			defaultConfigurationName = Release;
		};
/* End XCConfigurationList section */
	};
	rootObject = B433E1FB288D5ACE003B0219 /* Project object */;
}
